// !$*UTF8*$!
{
	archiveVersion = 1;
	classes = {
	};
	objectVersion = 46;
	objects = {

/* Begin PBXBuildFile section */
		993A105019B272E6003E256A /* Foundation.framework in Frameworks */ = {isa = PBXBuildFile; fileRef = 993A104F19B272E6003E256A /* Foundation.framework */; };
		993A105219B272E6003E256A /* CoreGraphics.framework in Frameworks */ = {isa = PBXBuildFile; fileRef = 993A105119B272E6003E256A /* CoreGraphics.framework */; };
		993A105419B272E6003E256A /* UIKit.framework in Frameworks */ = {isa = PBXBuildFile; fileRef = 993A105319B272E6003E256A /* UIKit.framework */; };
		993A105A19B272E7003E256A /* InfoPlist.strings in Resources */ = {isa = PBXBuildFile; fileRef = 993A105819B272E7003E256A /* InfoPlist.strings */; };
		993A105C19B272E7003E256A /* main.m in Sources */ = {isa = PBXBuildFile; fileRef = 993A105B19B272E7003E256A /* main.m */; };
		993A106019B272E7003E256A /* BNRAppDelegate.m in Sources */ = {isa = PBXBuildFile; fileRef = 993A105F19B272E7003E256A /* BNRAppDelegate.m */; };
		993A106219B272E7003E256A /* Images.xcassets in Resources */ = {isa = PBXBuildFile; fileRef = 993A106119B272E7003E256A /* Images.xcassets */; };
		993A106919B272E7003E256A /* XCTest.framework in Frameworks */ = {isa = PBXBuildFile; fileRef = 993A106819B272E7003E256A /* XCTest.framework */; };
		993A106A19B272E7003E256A /* Foundation.framework in Frameworks */ = {isa = PBXBuildFile; fileRef = 993A104F19B272E6003E256A /* Foundation.framework */; };
		993A106B19B272E7003E256A /* UIKit.framework in Frameworks */ = {isa = PBXBuildFile; fileRef = 993A105319B272E6003E256A /* UIKit.framework */; };
		993A107319B272E7003E256A /* InfoPlist.strings in Resources */ = {isa = PBXBuildFile; fileRef = 993A107119B272E7003E256A /* InfoPlist.strings */; };
		993A107519B272E7003E256A /* HypnosisterTests.m in Sources */ = {isa = PBXBuildFile; fileRef = 993A107419B272E7003E256A /* HypnosisterTests.m */; };
		993A108019B2739F003E256A /* BNRHypnosisView.m in Sources */ = {isa = PBXBuildFile; fileRef = 993A107F19B2739F003E256A /* BNRHypnosisView.m */; };
/* End PBXBuildFile section */

/* Begin PBXContainerItemProxy section */
		993A106C19B272E7003E256A /* PBXContainerItemProxy */ = {
			isa = PBXContainerItemProxy;
			containerPortal = 993A104419B272E6003E256A /* Project object */;
			proxyType = 1;
			remoteGlobalIDString = 993A104B19B272E6003E256A;
			remoteInfo = Hypnosister;
		};
/* End PBXContainerItemProxy section */

/* Begin PBXFileReference section */
		993A104C19B272E6003E256A /* Hypnosister.app */ = {isa = PBXFileReference; explicitFileType = wrapper.application; includeInIndex = 0; path = Hypnosister.app; sourceTree = BUILT_PRODUCTS_DIR; };
		993A104F19B272E6003E256A /* Foundation.framework */ = {isa = PBXFileReference; lastKnownFileType = wrapper.framework; name = Foundation.framework; path = System/Library/Frameworks/Foundation.framework; sourceTree = SDKROOT; };
		993A105119B272E6003E256A /* CoreGraphics.framework */ = {isa = PBXFileReference; lastKnownFileType = wrapper.framework; name = CoreGraphics.framework; path = System/Library/Frameworks/CoreGraphics.framework; sourceTree = SDKROOT; };
		993A105319B272E6003E256A /* UIKit.framework */ = {isa = PBXFileReference; lastKnownFileType = wrapper.framework; name = UIKit.framework; path = System/Library/Frameworks/UIKit.framework; sourceTree = SDKROOT; };
		993A105719B272E6003E256A /* Hypnosister-Info.plist */ = {isa = PBXFileReference; lastKnownFileType = text.plist.xml; path = "Hypnosister-Info.plist"; sourceTree = "<group>"; };
		993A105919B272E7003E256A /* en */ = {isa = PBXFileReference; lastKnownFileType = text.plist.strings; name = en; path = en.lproj/InfoPlist.strings; sourceTree = "<group>"; };
		993A105B19B272E7003E256A /* main.m */ = {isa = PBXFileReference; lastKnownFileType = sourcecode.c.objc; path = main.m; sourceTree = "<group>"; };
		993A105D19B272E7003E256A /* Hypnosister-Prefix.pch */ = {isa = PBXFileReference; lastKnownFileType = sourcecode.c.h; path = "Hypnosister-Prefix.pch"; sourceTree = "<group>"; };
		993A105E19B272E7003E256A /* BNRAppDelegate.h */ = {isa = PBXFileReference; lastKnownFileType = sourcecode.c.h; path = BNRAppDelegate.h; sourceTree = "<group>"; };
		993A105F19B272E7003E256A /* BNRAppDelegate.m */ = {isa = PBXFileReference; lastKnownFileType = sourcecode.c.objc; path = BNRAppDelegate.m; sourceTree = "<group>"; };
		993A106119B272E7003E256A /* Images.xcassets */ = {isa = PBXFileReference; lastKnownFileType = folder.assetcatalog; path = Images.xcassets; sourceTree = "<group>"; };
		993A106719B272E7003E256A /* HypnosisterTests.xctest */ = {isa = PBXFileReference; explicitFileType = wrapper.cfbundle; includeInIndex = 0; path = HypnosisterTests.xctest; sourceTree = BUILT_PRODUCTS_DIR; };
		993A106819B272E7003E256A /* XCTest.framework */ = {isa = PBXFileReference; lastKnownFileType = wrapper.framework; name = XCTest.framework; path = Library/Frameworks/XCTest.framework; sourceTree = DEVELOPER_DIR; };
		993A107019B272E7003E256A /* HypnosisterTests-Info.plist */ = {isa = PBXFileReference; lastKnownFileType = text.plist.xml; path = "HypnosisterTests-Info.plist"; sourceTree = "<group>"; };
		993A107219B272E7003E256A /* en */ = {isa = PBXFileReference; lastKnownFileType = text.plist.strings; name = en; path = en.lproj/InfoPlist.strings; sourceTree = "<group>"; };
		993A107419B272E7003E256A /* HypnosisterTests.m */ = {isa = PBXFileReference; lastKnownFileType = sourcecode.c.objc; path = HypnosisterTests.m; sourceTree = "<group>"; };
		993A107E19B2739F003E256A /* BNRHypnosisView.h */ = {isa = PBXFileReference; fileEncoding = 4; lastKnownFileType = sourcecode.c.h; path = BNRHypnosisView.h; sourceTree = "<group>"; };
		993A107F19B2739F003E256A /* BNRHypnosisView.m */ = {isa = PBXFileReference; fileEncoding = 4; lastKnownFileType = sourcecode.c.objc; path = BNRHypnosisView.m; sourceTree = "<group>"; };
/* End PBXFileReference section */

/* Begin PBXFrameworksBuildPhase section */
		993A104919B272E6003E256A /* Frameworks */ = {
			isa = PBXFrameworksBuildPhase;
			buildActionMask = 2147483647;
			files = (
				993A105219B272E6003E256A /* CoreGraphics.framework in Frameworks */,
				993A105419B272E6003E256A /* UIKit.framework in Frameworks */,
				993A105019B272E6003E256A /* Foundation.framework in Frameworks */,
			);
			runOnlyForDeploymentPostprocessing = 0;
		};
		993A106419B272E7003E256A /* Frameworks */ = {
			isa = PBXFrameworksBuildPhase;
			buildActionMask = 2147483647;
			files = (
				993A106919B272E7003E256A /* XCTest.framework in Frameworks */,
				993A106B19B272E7003E256A /* UIKit.framework in Frameworks */,
				993A106A19B272E7003E256A /* Foundation.framework in Frameworks */,
			);
			runOnlyForDeploymentPostprocessing = 0;
		};
/* End PBXFrameworksBuildPhase section */

/* Begin PBXGroup section */
		993A104319B272E6003E256A = {
			isa = PBXGroup;
			children = (
				993A107E19B2739F003E256A /* BNRHypnosisView.h */,
				993A107F19B2739F003E256A /* BNRHypnosisView.m */,
				993A105519B272E6003E256A /* Hypnosister */,
				993A106E19B272E7003E256A /* HypnosisterTests */,
				993A104E19B272E6003E256A /* Frameworks */,
				993A104D19B272E6003E256A /* Products */,
			);
			sourceTree = "<group>";
		};
		993A104D19B272E6003E256A /* Products */ = {
			isa = PBXGroup;
			children = (
				993A104C19B272E6003E256A /* Hypnosister.app */,
				993A106719B272E7003E256A /* HypnosisterTests.xctest */,
			);
			name = Products;
			sourceTree = "<group>";
		};
		993A104E19B272E6003E256A /* Frameworks */ = {
			isa = PBXGroup;
			children = (
				993A104F19B272E6003E256A /* Foundation.framework */,
				993A105119B272E6003E256A /* CoreGraphics.framework */,
				993A105319B272E6003E256A /* UIKit.framework */,
				993A106819B272E7003E256A /* XCTest.framework */,
			);
			name = Frameworks;
			sourceTree = "<group>";
		};
		993A105519B272E6003E256A /* Hypnosister */ = {
			isa = PBXGroup;
			children = (
				993A105E19B272E7003E256A /* BNRAppDelegate.h */,
				993A105F19B272E7003E256A /* BNRAppDelegate.m */,
				993A106119B272E7003E256A /* Images.xcassets */,
				993A105619B272E6003E256A /* Supporting Files */,
			);
			path = Hypnosister;
			sourceTree = "<group>";
		};
		993A105619B272E6003E256A /* Supporting Files */ = {
			isa = PBXGroup;
			children = (
				993A105719B272E6003E256A /* Hypnosister-Info.plist */,
				993A105819B272E7003E256A /* InfoPlist.strings */,
				993A105B19B272E7003E256A /* main.m */,
				993A105D19B272E7003E256A /* Hypnosister-Prefix.pch */,
			);
			name = "Supporting Files";
			sourceTree = "<group>";
		};
		993A106E19B272E7003E256A /* HypnosisterTests */ = {
			isa = PBXGroup;
			children = (
				993A107419B272E7003E256A /* HypnosisterTests.m */,
				993A106F19B272E7003E256A /* Supporting Files */,
			);
			path = HypnosisterTests;
			sourceTree = "<group>";
		};
		993A106F19B272E7003E256A /* Supporting Files */ = {
			isa = PBXGroup;
			children = (
				993A107019B272E7003E256A /* HypnosisterTests-Info.plist */,
				993A107119B272E7003E256A /* InfoPlist.strings */,
			);
			name = "Supporting Files";
			sourceTree = "<group>";
		};
/* End PBXGroup section */

/* Begin PBXNativeTarget section */
		993A104B19B272E6003E256A /* Hypnosister */ = {
			isa = PBXNativeTarget;
			buildConfigurationList = 993A107819B272E7003E256A /* Build configuration list for PBXNativeTarget "Hypnosister" */;
			buildPhases = (
				993A104819B272E6003E256A /* Sources */,
				993A104919B272E6003E256A /* Frameworks */,
				993A104A19B272E6003E256A /* Resources */,
			);
			buildRules = (
			);
			dependencies = (
			);
			name = Hypnosister;
			productName = Hypnosister;
			productReference = 993A104C19B272E6003E256A /* Hypnosister.app */;
			productType = "com.apple.product-type.application";
		};
		993A106619B272E7003E256A /* HypnosisterTests */ = {
			isa = PBXNativeTarget;
			buildConfigurationList = 993A107B19B272E7003E256A /* Build configuration list for PBXNativeTarget "HypnosisterTests" */;
			buildPhases = (
				993A106319B272E7003E256A /* Sources */,
				993A106419B272E7003E256A /* Frameworks */,
				993A106519B272E7003E256A /* Resources */,
			);
			buildRules = (
			);
			dependencies = (
				993A106D19B272E7003E256A /* PBXTargetDependency */,
			);
			name = HypnosisterTests;
			productName = HypnosisterTests;
			productReference = 993A106719B272E7003E256A /* HypnosisterTests.xctest */;
			productType = "com.apple.product-type.bundle.unit-test";
		};
/* End PBXNativeTarget section */

/* Begin PBXProject section */
		993A104419B272E6003E256A /* Project object */ = {
			isa = PBXProject;
			attributes = {
				CLASSPREFIX = BNR;
				LastUpgradeCheck = 0510;
				ORGANIZATIONNAME = "Matthew Linaberry";
				TargetAttributes = {
					993A106619B272E7003E256A = {
						TestTargetID = 993A104B19B272E6003E256A;
					};
				};
			};
			buildConfigurationList = 993A104719B272E6003E256A /* Build configuration list for PBXProject "Hypnosister" */;
			compatibilityVersion = "Xcode 3.2";
			developmentRegion = English;
			hasScannedForEncodings = 0;
			knownRegions = (
				en,
			);
			mainGroup = 993A104319B272E6003E256A;
			productRefGroup = 993A104D19B272E6003E256A /* Products */;
			projectDirPath = "";
			projectRoot = "";
			targets = (
				993A104B19B272E6003E256A /* Hypnosister */,
				993A106619B272E7003E256A /* HypnosisterTests */,
			);
		};
/* End PBXProject section */

/* Begin PBXResourcesBuildPhase section */
		993A104A19B272E6003E256A /* Resources */ = {
			isa = PBXResourcesBuildPhase;
			buildActionMask = 2147483647;
			files = (
				993A105A19B272E7003E256A /* InfoPlist.strings in Resources */,
				993A106219B272E7003E256A /* Images.xcassets in Resources */,
			);
			runOnlyForDeploymentPostprocessing = 0;
		};
		993A106519B272E7003E256A /* Resources */ = {
			isa = PBXResourcesBuildPhase;
			buildActionMask = 2147483647;
			files = (
				993A107319B272E7003E256A /* InfoPlist.strings in Resources */,
			);
			runOnlyForDeploymentPostprocessing = 0;
		};
/* End PBXResourcesBuildPhase section */

/* Begin PBXSourcesBuildPhase section */
		993A104819B272E6003E256A /* Sources */ = {
			isa = PBXSourcesBuildPhase;
			buildActionMask = 2147483647;
			files = (
				993A105C19B272E7003E256A /* main.m in Sources */,
				993A106019B272E7003E256A /* BNRAppDelegate.m in Sources */,
				993A108019B2739F003E256A /* BNRHypnosisView.m in Sources */,
			);
			runOnlyForDeploymentPostprocessing = 0;
		};
		993A106319B272E7003E256A /* Sources */ = {
			isa = PBXSourcesBuildPhase;
			buildActionMask = 2147483647;
			files = (
				993A107519B272E7003E256A /* HypnosisterTests.m in Sources */,
			);
			runOnlyForDeploymentPostprocessing = 0;
		};
/* End PBXSourcesBuildPhase section */

/* Begin PBXTargetDependency section */
		993A106D19B272E7003E256A /* PBXTargetDependency */ = {
			isa = PBXTargetDependency;
			target = 993A104B19B272E6003E256A /* Hypnosister */;
			targetProxy = 993A106C19B272E7003E256A /* PBXContainerItemProxy */;
		};
/* End PBXTargetDependency section */

/* Begin PBXVariantGroup section */
		993A105819B272E7003E256A /* InfoPlist.strings */ = {
			isa = PBXVariantGroup;
			children = (
				993A105919B272E7003E256A /* en */,
			);
			name = InfoPlist.strings;
			sourceTree = "<group>";
		};
		993A107119B272E7003E256A /* InfoPlist.strings */ = {
			isa = PBXVariantGroup;
			children = (
				993A107219B272E7003E256A /* en */,
			);
			name = InfoPlist.strings;
			sourceTree = "<group>";
		};
/* End PBXVariantGroup section */

/* Begin XCBuildConfiguration section */
		993A107619B272E7003E256A /* Debug */ = {
			isa = XCBuildConfiguration;
			buildSettings = {
				ALWAYS_SEARCH_USER_PATHS = NO;
				CLANG_CXX_LANGUAGE_STANDARD = "gnu++0x";
				CLANG_CXX_LIBRARY = "libc++";
				CLANG_ENABLE_MODULES = YES;
				CLANG_ENABLE_OBJC_ARC = YES;
				CLANG_WARN_BOOL_CONVERSION = YES;
				CLANG_WARN_CONSTANT_CONVERSION = YES;
				CLANG_WARN_DIRECT_OBJC_ISA_USAGE = YES_ERROR;
				CLANG_WARN_EMPTY_BODY = YES;
				CLANG_WARN_ENUM_CONVERSION = YES;
				CLANG_WARN_INT_CONVERSION = YES;
				CLANG_WARN_OBJC_ROOT_CLASS = YES_ERROR;
				CLANG_WARN__DUPLICATE_METHOD_MATCH = YES;
				"CODE_SIGN_IDENTITY[sdk=iphoneos*]" = "iPhone Developer";
				COPY_PHASE_STRIP = NO;
				GCC_C_LANGUAGE_STANDARD = gnu99;
				GCC_DYNAMIC_NO_PIC = NO;
				GCC_OPTIMIZATION_LEVEL = 0;
				GCC_PREPROCESSOR_DEFINITIONS = (
					"DEBUG=1",
					"$(inherited)",
				);
				GCC_SYMBOLS_PRIVATE_EXTERN = NO;
				GCC_WARN_64_TO_32_BIT_CONVERSION = YES;
				GCC_WARN_ABOUT_RETURN_TYPE = YES_ERROR;
				GCC_WARN_UNDECLARED_SELECTOR = YES;
				GCC_WARN_UNINITIALIZED_AUTOS = YES_AGGRESSIVE;
				GCC_WARN_UNUSED_FUNCTION = YES;
				GCC_WARN_UNUSED_VARIABLE = YES;
				IPHONEOS_DEPLOYMENT_TARGET = 7.1;
				ONLY_ACTIVE_ARCH = YES;
				SDKROOT = iphoneos;
			};
			name = Debug;
		};
		993A107719B272E7003E256A /* Release */ = {
			isa = XCBuildConfiguration;
			buildSettings = {
				ALWAYS_SEARCH_USER_PATHS = NO;
				CLANG_CXX_LANGUAGE_STANDARD = "gnu++0x";
				CLANG_CXX_LIBRARY = "libc++";
				CLANG_ENABLE_MODULES = YES;
				CLANG_ENABLE_OBJC_ARC = YES;
				CLANG_WARN_BOOL_CONVERSION = YES;
				CLANG_WARN_CONSTANT_CONVERSION = YES;
				CLANG_WARN_DIRECT_OBJC_ISA_USAGE = YES_ERROR;
				CLANG_WARN_EMPTY_BODY = YES;
				CLANG_WARN_ENUM_CONVERSION = YES;
				CLANG_WARN_INT_CONVERSION = YES;
				CLANG_WARN_OBJC_ROOT_CLASS = YES_ERROR;
				CLANG_WARN__DUPLICATE_METHOD_MATCH = YES;
				"CODE_SIGN_IDENTITY[sdk=iphoneos*]" = "iPhone Developer";
				COPY_PHASE_STRIP = YES;
				ENABLE_NS_ASSERTIONS = NO;
				GCC_C_LANGUAGE_STANDARD = gnu99;
				GCC_WARN_64_TO_32_BIT_CONVERSION = YES;
				GCC_WARN_ABOUT_RETURN_TYPE = YES_ERROR;
				GCC_WARN_UNDECLARED_SELECTOR = YES;
				GCC_WARN_UNINITIALIZED_AUTOS = YES_AGGRESSIVE;
				GCC_WARN_UNUSED_FUNCTION = YES;
				GCC_WARN_UNUSED_VARIABLE = YES;
				IPHONEOS_DEPLOYMENT_TARGET = 7.1;
				SDKROOT = iphoneos;
				VALIDATE_PRODUCT = YES;
			};
			name = Release;
		};
		993A107919B272E7003E256A /* Debug */ = {
			isa = XCBuildConfiguration;
			buildSettings = {
				ASSETCATALOG_COMPILER_APPICON_NAME = AppIcon;
				ASSETCATALOG_COMPILER_LAUNCHIMAGE_NAME = LaunchImage;
				GCC_PRECOMPILE_PREFIX_HEADER = YES;
				GCC_PREFIX_HEADER = "Hypnosister/Hypnosister-Prefix.pch";
				INFOPLIST_FILE = "Hypnosister/Hypnosister-Info.plist";
				PRODUCT_NAME = "$(TARGET_NAME)";
				WRAPPER_EXTENSION = app;
			};
			name = Debug;
		};
		993A107A19B272E7003E256A /* Release */ = {
			isa = XCBuildConfiguration;
			buildSettings = {
				ASSETCATALOG_COMPILER_APPICON_NAME = AppIcon;
				ASSETCATALOG_COMPILER_LAUNCHIMAGE_NAME = LaunchImage;
				GCC_PRECOMPILE_PREFIX_HEADER = YES;
				GCC_PREFIX_HEADER = "Hypnosister/Hypnosister-Prefix.pch";
				INFOPLIST_FILE = "Hypnosister/Hypnosister-Info.plist";
				PRODUCT_NAME = "$(TARGET_NAME)";
				WRAPPER_EXTENSION = app;
			};
			name = Release;
		};
		993A107C19B272E7003E256A /* Debug */ = {
			isa = XCBuildConfiguration;
			buildSettings = {
				BUNDLE_LOADER = "$(BUILT_PRODUCTS_DIR)/Hypnosister.app/Hypnosister";
				FRAMEWORK_SEARCH_PATHS = (
					"$(SDKROOT)/Developer/Library/Frameworks",
					"$(inherited)",
					"$(DEVELOPER_FRAMEWORKS_DIR)",
				);
				GCC_PRECOMPILE_PREFIX_HEADER = YES;
				GCC_PREFIX_HEADER = "Hypnosister/Hypnosister-Prefix.pch";
				GCC_PREPROCESSOR_DEFINITIONS = (
					"DEBUG=1",
					"$(inherited)",
				);
				INFOPLIST_FILE = "HypnosisterTests/HypnosisterTests-Info.plist";
				PRODUCT_NAME = "$(TARGET_NAME)";
				TEST_HOST = "$(BUNDLE_LOADER)";
				WRAPPER_EXTENSION = xctest;
			};
			name = Debug;
		};
		993A107D19B272E7003E256A /* Release */ = {
			isa = XCBuildConfiguration;
			buildSettings = {
				BUNDLE_LOADER = "$(BUILT_PRODUCTS_DIR)/Hypnosister.app/Hypnosister";
				FRAMEWORK_SEARCH_PATHS = (
					"$(SDKROOT)/Developer/Library/Frameworks",
					"$(inherited)",
					"$(DEVELOPER_FRAMEWORKS_DIR)",
				);
				GCC_PRECOMPILE_PREFIX_HEADER = YES;
				GCC_PREFIX_HEADER = "Hypnosister/Hypnosister-Prefix.pch";
				INFOPLIST_FILE = "HypnosisterTests/HypnosisterTests-Info.plist";
				PRODUCT_NAME = "$(TARGET_NAME)";
				TEST_HOST = "$(BUNDLE_LOADER)";
				WRAPPER_EXTENSION = xctest;
			};
			name = Release;
		};
/* End XCBuildConfiguration section */

/* Begin XCConfigurationList section */
		993A104719B272E6003E256A /* Build configuration list for PBXProject "Hypnosister" */ = {
			isa = XCConfigurationList;
			buildConfigurations = (
				993A107619B272E7003E256A /* Debug */,
				993A107719B272E7003E256A /* Release */,
			);
			defaultConfigurationIsVisible = 0;
			defaultConfigurationName = Release;
		};
		993A107819B272E7003E256A /* Build configuration list for PBXNativeTarget "Hypnosister" */ = {
			isa = XCConfigurationList;
			buildConfigurations = (
				993A107919B272E7003E256A /* Debug */,
				993A107A19B272E7003E256A /* Release */,
			);
			defaultConfigurationIsVisible = 0;
		};
		993A107B19B272E7003E256A /* Build configuration list for PBXNativeTarget "HypnosisterTests" */ = {
			isa = XCConfigurationList;
			buildConfigurations = (
				993A107C19B272E7003E256A /* Debug */,
				993A107D19B272E7003E256A /* Release */,
			);
			defaultConfigurationIsVisible = 0;
		};
/* End XCConfigurationList section */
	};
	rootObject = 993A104419B272E6003E256A /* Project object */;
}
